
Microsoft Visual Studio Solution File, Format Version 12.00
# Visual Studio Version 17
VisualStudioVersion = 17.9.34622.214
MinimumVisualStudioVersion = 10.0.40219.1
Project("{FAE04EC0-301F-11D3-BF4B-00C04F79EFBC}") = "UserProvider", "UserProvider\UserProvider.csproj", "{78E43840-F18C-4A91-B6F4-FD437FCB4B31}"
EndProject
Project("{FAE04EC0-301F-11D3-BF4B-00C04F79EFBC}") = "Data", "Data\Data.csproj", "{B0213CB6-969C-447C-BCDD-30A246E00256}"
EndProject
Global
	GlobalSection(SolutionConfigurationPlatforms) = preSolution
		Debug|Any CPU = Debug|Any CPU
		Release|Any CPU = Release|Any CPU
	EndGlobalSection
	GlobalSection(ProjectConfigurationPlatforms) = postSolution
		{78E43840-F18C-4A91-B6F4-FD437FCB4B31}.Debug|Any CPU.ActiveCfg = Debug|Any CPU
		{78E43840-F18C-4A91-B6F4-FD437FCB4B31}.Debug|Any CPU.Build.0 = Debug|Any CPU
		{78E43840-F18C-4A91-B6F4-FD437FCB4B31}.Release|Any CPU.ActiveCfg = Release|Any CPU
		{78E43840-F18C-4A91-B6F4-FD437FCB4B31}.Release|Any CPU.Build.0 = Release|Any CPU
		{B0213CB6-969C-447C-BCDD-30A246E00256}.Debug|Any CPU.ActiveCfg = Debug|Any CPU
		{B0213CB6-969C-447C-BCDD-30A246E00256}.Debug|Any CPU.Build.0 = Debug|Any CPU
		{B0213CB6-969C-447C-BCDD-30A246E00256}.Release|Any CPU.ActiveCfg = Release|Any CPU
		{B0213CB6-969C-447C-BCDD-30A246E00256}.Release|Any CPU.Build.0 = Release|Any CPU
	EndGlobalSection
	GlobalSection(SolutionProperties) = preSolution
		HideSolutionNode = FALSE
	EndGlobalSection
	GlobalSection(ExtensibilityGlobals) = postSolution
		SolutionGuid = {6C6A9B09-893C-4D05-B573-51577BF8185F}
	EndGlobalSection
EndGlobal
